
Microsoft Visual Studio Solution File, Format Version 12.00
# Visual Studio Version 16
VisualStudioVersion = 16.0.31129.286
MinimumVisualStudioVersion = 10.0.40219.1
Project("{00D1A9C2-B5F0-4AF3-8072-F6C62B433612}") = "DinerDB", "DinerDB\DinerDB.sqlproj", "{991635EB-75CB-441B-BD64-139D7C3E040C}"
EndProject
Project("{FAE04EC0-301F-11D3-BF4B-00C04F79EFBC}") = "DataLibrary", "DataLibrary\DataLibrary.csproj", "{D025DBDF-4BD6-4826-BBAD-5687331FC4BE}"
EndProject
Global
	GlobalSection(SolutionConfigurationPlatforms) = preSolution
		Debug|Any CPU = Debug|Any CPU
		Release|Any CPU = Release|Any CPU
	EndGlobalSection
	GlobalSection(ProjectConfigurationPlatforms) = postSolution
		{991635EB-75CB-441B-BD64-139D7C3E040C}.Debug|Any CPU.ActiveCfg = Debug|Any CPU
		{991635EB-75CB-441B-BD64-139D7C3E040C}.Debug|Any CPU.Build.0 = Debug|Any CPU
		{991635EB-75CB-441B-BD64-139D7C3E040C}.Debug|Any CPU.Deploy.0 = Debug|Any CPU
		{991635EB-75CB-441B-BD64-139D7C3E040C}.Release|Any CPU.ActiveCfg = Release|Any CPU
		{991635EB-75CB-441B-BD64-139D7C3E040C}.Release|Any CPU.Build.0 = Release|Any CPU
		{991635EB-75CB-441B-BD64-139D7C3E040C}.Release|Any CPU.Deploy.0 = Release|Any CPU
		{D025DBDF-4BD6-4826-BBAD-5687331FC4BE}.Debug|Any CPU.ActiveCfg = Debug|Any CPU
		{D025DBDF-4BD6-4826-BBAD-5687331FC4BE}.Debug|Any CPU.Build.0 = Debug|Any CPU
		{D025DBDF-4BD6-4826-BBAD-5687331FC4BE}.Release|Any CPU.ActiveCfg = Release|Any CPU
		{D025DBDF-4BD6-4826-BBAD-5687331FC4BE}.Release|Any CPU.Build.0 = Release|Any CPU
	EndGlobalSection
	GlobalSection(SolutionProperties) = preSolution
		HideSolutionNode = FALSE
	EndGlobalSection
	GlobalSection(ExtensibilityGlobals) = postSolution
		SolutionGuid = {2637C98D-C9FB-4AFE-AFC1-51C415B9A550}
	EndGlobalSection
EndGlobal
